
Microsoft Visual Studio Solution File, Format Version 12.00
# Visual Studio Version 17
VisualStudioVersion = 17.0.31825.309
MinimumVisualStudioVersion = 10.0.40219.1
Project("{FAE04EC0-301F-11D3-BF4B-00C04F79EFBC}") = "NashraExtractions", "NashraExtractions\NashraExtractions.csproj", "{16D82F99-BC0A-4C7B-B3E5-5EAE2F4BE674}"
EndProject
Global
	GlobalSection(SolutionConfigurationPlatforms) = preSolution
		Debug|Any CPU = Debug|Any CPU
		Release|Any CPU = Release|Any CPU
	EndGlobalSection
	GlobalSection(ProjectConfigurationPlatforms) = postSolution
		{16D82F99-BC0A-4C7B-B3E5-5EAE2F4BE674}.Debug|Any CPU.ActiveCfg = Debug|Any CPU
		{16D82F99-BC0A-4C7B-B3E5-5EAE2F4BE674}.Debug|Any CPU.Build.0 = Debug|Any CPU
		{16D82F99-BC0A-4C7B-B3E5-5EAE2F4BE674}.Release|Any CPU.ActiveCfg = Release|Any CPU
		{16D82F99-BC0A-4C7B-B3E5-5EAE2F4BE674}.Release|Any CPU.Build.0 = Release|Any CPU
	EndGlobalSection
	GlobalSection(SolutionProperties) = preSolution
		HideSolutionNode = FALSE
	EndGlobalSection
	GlobalSection(ExtensibilityGlobals) = postSolution
		SolutionGuid = {E89FC90F-9395-4430-9CB7-3501742AF89E}
	EndGlobalSection
EndGlobal
